PODS:
  - Flutter (1.0.0)
  - gal (1.0.0):
    - Flutter
    - FlutterMacOS
  - image_picker_ios (0.0.1):
    - Flutter
  - imgly_sdk (3.2.0):
    - Flutter
    - imglyKit (~> 11.4)
  - imglyKit (11.10.2)
  - path_provider_foundation (0.0.1):
    - Flutter
    - FlutterMacOS
  - photo_editor_sdk (3.2.0):
    - Flutter
    - imgly_sdk (= 3.2.0)
  - video_editor_sdk (3.2.0):
    - Flutter
    - imgly_sdk (= 3.2.0)

DEPENDENCIES:
  - Flutter (from `Flutter`)
  - gal (from `.symlinks/plugins/gal/darwin`)
  - image_picker_ios (from `.symlinks/plugins/image_picker_ios/ios`)
  - imgly_sdk (from `.symlinks/plugins/imgly_sdk/ios`)
  - path_provider_foundation (from `.symlinks/plugins/path_provider_foundation/darwin`)
  - photo_editor_sdk (from `.symlinks/plugins/photo_editor_sdk/ios`)
  - video_editor_sdk (from `.symlinks/plugins/video_editor_sdk/ios`)

SPEC REPOS:
  trunk:
    - imglyKit

EXTERNAL SOURCES:
  Flutter:
    :path: Flutter
  gal:
    :path: ".symlinks/plugins/gal/darwin"
  image_picker_ios:
    :path: ".symlinks/plugins/image_picker_ios/ios"
  imgly_sdk:
    :path: ".symlinks/plugins/imgly_sdk/ios"
  path_provider_foundation:
    :path: ".symlinks/plugins/path_provider_foundation/darwin"
  photo_editor_sdk:
    :path: ".symlinks/plugins/photo_editor_sdk/ios"
  video_editor_sdk:
    :path: ".symlinks/plugins/video_editor_sdk/ios"

SPEC CHECKSUMS:
  Flutter: e0871f40cf51350855a761d2e70bf5af5b9b5de7
  gal: 44e5b10dbd347c8247a2851acee6c1fbe282c1d3
  image_picker_ios: a768de0d44b0925de635738f5030f9f2727eb996
  imgly_sdk: eedb78bcf5e4937f2a043e2210dcbbae7a0ec858
  imglyKit: 0e5afb6a03202228b17aa4e9a387d9c7f371a94c
  path_provider_foundation: 608fcb11be570ce83519b076ab6a1fffe2474f05
  photo_editor_sdk: 375c5bb85f71b0a9d2cb3266366ae53fa232bf3a
  video_editor_sdk: 19a9191daf907739131ec359a140212bad5f3d6a

PODFILE CHECKSUM: cc1f88378b4bfcf93a6ce00d2c587857c6008d3b

COCOAPODS: 1.16.2
