PODS:
  - Flutter (1.0.0)
  - gallery_saver (0.0.1):
    - Flutter
  - image_picker_ios (0.0.1):
    - Flutter
  - imgly_sdk (2.8.0):
    - Flutter
    - imglyKit (~> 11.3)
  - imglyKit (11.3.1)
  - path_provider_ios (0.0.1):
    - Flutter
  - photo_editor_sdk (2.8.0):
    - Flutter
    - imgly_sdk (= 2.8.0)
  - video_editor_sdk (2.8.0):
    - Flutter
    - imgly_sdk (= 2.8.0)

DEPENDENCIES:
  - Flutter (from `Flutter`)
  - gallery_saver (from `.symlinks/plugins/gallery_saver/ios`)
  - image_picker_ios (from `.symlinks/plugins/image_picker_ios/ios`)
  - imgly_sdk (from `.symlinks/plugins/imgly_sdk/ios`)
  - path_provider_ios (from `.symlinks/plugins/path_provider_ios/ios`)
  - photo_editor_sdk (from `.symlinks/plugins/photo_editor_sdk/ios`)
  - video_editor_sdk (from `.symlinks/plugins/video_editor_sdk/ios`)

SPEC REPOS:
  trunk:
    - imglyKit

EXTERNAL SOURCES:
  Flutter:
    :path: Flutter
  gallery_saver:
    :path: ".symlinks/plugins/gallery_saver/ios"
  image_picker_ios:
    :path: ".symlinks/plugins/image_picker_ios/ios"
  imgly_sdk:
    :path: ".symlinks/plugins/imgly_sdk/ios"
  path_provider_ios:
    :path: ".symlinks/plugins/path_provider_ios/ios"
  photo_editor_sdk:
    :path: ".symlinks/plugins/photo_editor_sdk/ios"
  video_editor_sdk:
    :path: ".symlinks/plugins/video_editor_sdk/ios"

SPEC CHECKSUMS:
  Flutter: f04841e97a9d0b0a8025694d0796dd46242b2854
  gallery_saver: 9fc173c9f4fcc48af53b2a9ebea1b643255be542
  image_picker_ios: b786a5dcf033a8336a657191401bfdf12017dabb
  imgly_sdk: 35dd26c1125c92f628f3464075ad4c24fcdbce26
  imglyKit: 34eb8e0e1a399b815b2a5baf2f5afa3a4fc47105
  path_provider_ios: 14f3d2fd28c4fdb42f44e0f751d12861c43cee02
  photo_editor_sdk: 56f45df6fa056f801b1bafe061d06e640ebd1274
  video_editor_sdk: 0efb0ea9260d4a319caff733a2cc5fed4a00930b

PODFILE CHECKSUM: cc1f88378b4bfcf93a6ce00d2c587857c6008d3b

COCOAPODS: 1.11.3
