PODS:
  - Flutter (1.0.0)
  - imgly_sdk (2.9.0):
    - Flutter
    - imglyKit (~> 11.4)
  - imglyKit (11.5.1)
  - photo_editor_sdk (2.9.0):
    - Flutter
    - imgly_sdk (= 2.9.0)
  - video_editor_sdk (2.9.0):
    - Flutter
    - imgly_sdk (= 2.9.0)

DEPENDENCIES:
  - Flutter (from `Flutter`)
  - imgly_sdk (from `.symlinks/plugins/imgly_sdk/ios`)
  - photo_editor_sdk (from `.symlinks/plugins/photo_editor_sdk/ios`)
  - video_editor_sdk (from `.symlinks/plugins/video_editor_sdk/ios`)

SPEC REPOS:
  trunk:
    - imglyKit

EXTERNAL SOURCES:
  Flutter:
    :path: Flutter
  imgly_sdk:
    :path: ".symlinks/plugins/imgly_sdk/ios"
  photo_editor_sdk:
    :path: ".symlinks/plugins/photo_editor_sdk/ios"
  video_editor_sdk:
    :path: ".symlinks/plugins/video_editor_sdk/ios"

SPEC CHECKSUMS:
  Flutter: f04841e97a9d0b0a8025694d0796dd46242b2854
  imgly_sdk: a1937f3cd410756297d87d15086a37f24466d288
  imglyKit: b1b3b827799a50b090433ca7c61f90b078944898
  photo_editor_sdk: 5e72294f9947007ff0918717f74a1186c1210f6d
  video_editor_sdk: 2e3a8cbe6f1f09a8e12ba7cbac6f2bd7793bada5

PODFILE CHECKSUM: cc1f88378b4bfcf93a6ce00d2c587857c6008d3b

COCOAPODS: 1.11.3
